
Microsoft Visual Studio Solution File, Format Version 12.00
# Visual Studio 15
VisualStudioVersion = 15.0.28307.1231
MinimumVisualStudioVersion = 10.0.40219.1
Project("{8BC9CEB8-8B4A-11D0-8D11-00A0C91BC942}") = "H03", "H03\H03.vcxproj", "{B711D036-411E-4A92-9707-9CC2FBE19CA9}"
EndProject
Global
	GlobalSection(SolutionConfigurationPlatforms) = preSolution
		Debug|x64 = Debug|x64
		Debug|x86 = Debug|x86
		Release|x64 = Release|x64
		Release|x86 = Release|x86
	EndGlobalSection
	GlobalSection(ProjectConfigurationPlatforms) = postSolution
		{B711D036-411E-4A92-9707-9CC2FBE19CA9}.Debug|x64.ActiveCfg = Debug|x64
		{B711D036-411E-4A92-9707-9CC2FBE19CA9}.Debug|x64.Build.0 = Debug|x64
		{B711D036-411E-4A92-9707-9CC2FBE19CA9}.Debug|x86.ActiveCfg = Debug|Win32
		{B711D036-411E-4A92-9707-9CC2FBE19CA9}.Debug|x86.Build.0 = Debug|Win32
		{B711D036-411E-4A92-9707-9CC2FBE19CA9}.Release|x64.ActiveCfg = Release|x64
		{B711D036-411E-4A92-9707-9CC2FBE19CA9}.Release|x64.Build.0 = Release|x64
		{B711D036-411E-4A92-9707-9CC2FBE19CA9}.Release|x86.ActiveCfg = Release|Win32
		{B711D036-411E-4A92-9707-9CC2FBE19CA9}.Release|x86.Build.0 = Release|Win32
	EndGlobalSection
	GlobalSection(SolutionProperties) = preSolution
		HideSolutionNode = FALSE
	EndGlobalSection
	GlobalSection(ExtensibilityGlobals) = postSolution
		SolutionGuid = {31C4CE9E-7FE3-49B5-891E-E43D9F5DF1ED}
	EndGlobalSection
EndGlobal
