
Microsoft Visual Studio Solution File, Format Version 12.00
# Visual Studio 15
VisualStudioVersion = 15.0.28307.1231
MinimumVisualStudioVersion = 10.0.40219.1
Project("{8BC9CEB8-8B4A-11D0-8D11-00A0C91BC942}") = "E01", "E01\E01.vcxproj", "{7D334E3C-BDF1-4A17-BA06-43A8D94A619F}"
EndProject
Project("{8BC9CEB8-8B4A-11D0-8D11-00A0C91BC942}") = "E02", "E02\E02.vcxproj", "{676405AF-B7A7-4F6A-89DD-07C8D366E0BD}"
EndProject
Global
	GlobalSection(SolutionConfigurationPlatforms) = preSolution
		Debug|x64 = Debug|x64
		Debug|x86 = Debug|x86
		Release|x64 = Release|x64
		Release|x86 = Release|x86
	EndGlobalSection
	GlobalSection(ProjectConfigurationPlatforms) = postSolution
		{7D334E3C-BDF1-4A17-BA06-43A8D94A619F}.Debug|x64.ActiveCfg = Debug|x64
		{7D334E3C-BDF1-4A17-BA06-43A8D94A619F}.Debug|x64.Build.0 = Debug|x64
		{7D334E3C-BDF1-4A17-BA06-43A8D94A619F}.Debug|x86.ActiveCfg = Debug|Win32
		{7D334E3C-BDF1-4A17-BA06-43A8D94A619F}.Debug|x86.Build.0 = Debug|Win32
		{7D334E3C-BDF1-4A17-BA06-43A8D94A619F}.Release|x64.ActiveCfg = Release|x64
		{7D334E3C-BDF1-4A17-BA06-43A8D94A619F}.Release|x64.Build.0 = Release|x64
		{7D334E3C-BDF1-4A17-BA06-43A8D94A619F}.Release|x86.ActiveCfg = Release|Win32
		{7D334E3C-BDF1-4A17-BA06-43A8D94A619F}.Release|x86.Build.0 = Release|Win32
		{676405AF-B7A7-4F6A-89DD-07C8D366E0BD}.Debug|x64.ActiveCfg = Debug|x64
		{676405AF-B7A7-4F6A-89DD-07C8D366E0BD}.Debug|x64.Build.0 = Debug|x64
		{676405AF-B7A7-4F6A-89DD-07C8D366E0BD}.Debug|x86.ActiveCfg = Debug|Win32
		{676405AF-B7A7-4F6A-89DD-07C8D366E0BD}.Debug|x86.Build.0 = Debug|Win32
		{676405AF-B7A7-4F6A-89DD-07C8D366E0BD}.Release|x64.ActiveCfg = Release|x64
		{676405AF-B7A7-4F6A-89DD-07C8D366E0BD}.Release|x64.Build.0 = Release|x64
		{676405AF-B7A7-4F6A-89DD-07C8D366E0BD}.Release|x86.ActiveCfg = Release|Win32
		{676405AF-B7A7-4F6A-89DD-07C8D366E0BD}.Release|x86.Build.0 = Release|Win32
	EndGlobalSection
	GlobalSection(SolutionProperties) = preSolution
		HideSolutionNode = FALSE
	EndGlobalSection
	GlobalSection(ExtensibilityGlobals) = postSolution
		SolutionGuid = {BE7F61AD-8A38-4028-9941-B8FA1F2FEF3F}
	EndGlobalSection
EndGlobal
