
Microsoft Visual Studio Solution File, Format Version 12.00
# Visual Studio 15
VisualStudioVersion = 15.0.28307.902
MinimumVisualStudioVersion = 10.0.40219.1
Project("{FAE04EC0-301F-11D3-BF4B-00C04F79EFBC}") = "Server", "Server\Server.csproj", "{49ACE3E4-F49D-4801-9A20-DBAD5DD89346}"
EndProject
Project("{FAE04EC0-301F-11D3-BF4B-00C04F79EFBC}") = "Client", "Client\Client.csproj", "{9E5E6667-7724-41F6-8711-B7A8198EDB72}"
EndProject
Global
	GlobalSection(SolutionConfigurationPlatforms) = preSolution
		Debug|Any CPU = Debug|Any CPU
		Release|Any CPU = Release|Any CPU
	EndGlobalSection
	GlobalSection(ProjectConfigurationPlatforms) = postSolution
		{49ACE3E4-F49D-4801-9A20-DBAD5DD89346}.Debug|Any CPU.ActiveCfg = Debug|Any CPU
		{49ACE3E4-F49D-4801-9A20-DBAD5DD89346}.Debug|Any CPU.Build.0 = Debug|Any CPU
		{49ACE3E4-F49D-4801-9A20-DBAD5DD89346}.Release|Any CPU.ActiveCfg = Release|Any CPU
		{49ACE3E4-F49D-4801-9A20-DBAD5DD89346}.Release|Any CPU.Build.0 = Release|Any CPU
		{9E5E6667-7724-41F6-8711-B7A8198EDB72}.Debug|Any CPU.ActiveCfg = Debug|Any CPU
		{9E5E6667-7724-41F6-8711-B7A8198EDB72}.Debug|Any CPU.Build.0 = Debug|Any CPU
		{9E5E6667-7724-41F6-8711-B7A8198EDB72}.Release|Any CPU.ActiveCfg = Release|Any CPU
		{9E5E6667-7724-41F6-8711-B7A8198EDB72}.Release|Any CPU.Build.0 = Release|Any CPU
	EndGlobalSection
	GlobalSection(SolutionProperties) = preSolution
		HideSolutionNode = FALSE
	EndGlobalSection
	GlobalSection(ExtensibilityGlobals) = postSolution
		SolutionGuid = {476396DC-7B97-4926-AED3-13D4D058A1B7}
	EndGlobalSection
EndGlobal
